// !$*UTF8*$!
{
	archiveVersion = 1;
	classes = {
	};
	objectVersion = 50;
	objects = {

/* Begin PBXBuildFile section */
		272242F6225172BC00CEEA6B /* ValueMenuItemView.swift in Sources */ = {isa = PBXBuildFile; fileRef = 272242F5225172BC00CEEA6B /* ValueMenuItemView.swift */; };
		272242F82251BDDE00CEEA6B /* Grant.swift in Sources */ = {isa = PBXBuildFile; fileRef = 272242F72251BDDE00CEEA6B /* Grant.swift */; };
		27DCC7BC225063950082B729 /* AppDelegate.swift in Sources */ = {isa = PBXBuildFile; fileRef = 27DCC7BB225063950082B729 /* AppDelegate.swift */; };
		27DCC7BE225063960082B729 /* Assets.xcassets in Resources */ = {isa = PBXBuildFile; fileRef = 27DCC7BD225063960082B729 /* Assets.xcassets */; };
		27DCC7C1225063960082B729 /* MainMenu.xib in Resources */ = {isa = PBXBuildFile; fileRef = 27DCC7BF225063960082B729 /* MainMenu.xib */; };
		27DCC7CA225063AC0082B729 /* TickerPriceProvider.swift in Sources */ = {isa = PBXBuildFile; fileRef = 27DCC7C9225063AC0082B729 /* TickerPriceProvider.swift */; };
		27DCC7CC225068300082B729 /* Quote.swift in Sources */ = {isa = PBXBuildFile; fileRef = 27DCC7CB225068300082B729 /* Quote.swift */; };
		27DCC7CE22506D290082B729 /* StatusItemController.swift in Sources */ = {isa = PBXBuildFile; fileRef = 27DCC7CD22506D290082B729 /* StatusItemController.swift */; };
		C21BA0552252F4560044CC47 /* GrantController.swift in Sources */ = {isa = PBXBuildFile; fileRef = C21BA0542252F4560044CC47 /* GrantController.swift */; };
		C2FE075B22529D39000824FA /* SettingsWindow.xib in Resources */ = {isa = PBXBuildFile; fileRef = C2FE075A22529D39000824FA /* SettingsWindow.xib */; };
		C2FE075D22529D4E000824FA /* SettingsWindowController.swift in Sources */ = {isa = PBXBuildFile; fileRef = C2FE075C22529D4E000824FA /* SettingsWindowController.swift */; };
/* End PBXBuildFile section */

/* Begin PBXFileReference section */
		272242F5225172BC00CEEA6B /* ValueMenuItemView.swift */ = {isa = PBXFileReference; lastKnownFileType = sourcecode.swift; path = ValueMenuItemView.swift; sourceTree = "<group>"; };
		272242F72251BDDE00CEEA6B /* Grant.swift */ = {isa = PBXFileReference; lastKnownFileType = sourcecode.swift; path = Grant.swift; sourceTree = "<group>"; };
		27DCC7B8225063950082B729 /* Grant.app */ = {isa = PBXFileReference; explicitFileType = wrapper.application; includeInIndex = 0; path = Grant.app; sourceTree = BUILT_PRODUCTS_DIR; };
		27DCC7BB225063950082B729 /* AppDelegate.swift */ = {isa = PBXFileReference; lastKnownFileType = sourcecode.swift; path = AppDelegate.swift; sourceTree = "<group>"; };
		27DCC7BD225063960082B729 /* Assets.xcassets */ = {isa = PBXFileReference; lastKnownFileType = folder.assetcatalog; path = Assets.xcassets; sourceTree = "<group>"; };
		27DCC7C0225063960082B729 /* Base */ = {isa = PBXFileReference; lastKnownFileType = file.xib; name = Base; path = Base.lproj/MainMenu.xib; sourceTree = "<group>"; };
		27DCC7C2225063960082B729 /* Info.plist */ = {isa = PBXFileReference; lastKnownFileType = text.plist.xml; path = Info.plist; sourceTree = "<group>"; };
		27DCC7C3225063960082B729 /* Ticker.entitlements */ = {isa = PBXFileReference; lastKnownFileType = text.plist.entitlements; path = Ticker.entitlements; sourceTree = "<group>"; };
		27DCC7C9225063AC0082B729 /* TickerPriceProvider.swift */ = {isa = PBXFileReference; lastKnownFileType = sourcecode.swift; path = TickerPriceProvider.swift; sourceTree = "<group>"; };
		27DCC7CB225068300082B729 /* Quote.swift */ = {isa = PBXFileReference; lastKnownFileType = sourcecode.swift; path = Quote.swift; sourceTree = "<group>"; };
		27DCC7CD22506D290082B729 /* StatusItemController.swift */ = {isa = PBXFileReference; lastKnownFileType = sourcecode.swift; path = StatusItemController.swift; sourceTree = "<group>"; };
		C21BA0542252F4560044CC47 /* GrantController.swift */ = {isa = PBXFileReference; lastKnownFileType = sourcecode.swift; path = GrantController.swift; sourceTree = "<group>"; };
		C2FE075A22529D39000824FA /* SettingsWindow.xib */ = {isa = PBXFileReference; lastKnownFileType = file.xib; path = SettingsWindow.xib; sourceTree = "<group>"; };
		C2FE075C22529D4E000824FA /* SettingsWindowController.swift */ = {isa = PBXFileReference; lastKnownFileType = sourcecode.swift; path = SettingsWindowController.swift; sourceTree = "<group>"; };
/* End PBXFileReference section */

/* Begin PBXFrameworksBuildPhase section */
		27DCC7B5225063950082B729 /* Frameworks */ = {
			isa = PBXFrameworksBuildPhase;
			buildActionMask = 2147483647;
			files = (
			);
			runOnlyForDeploymentPostprocessing = 0;
		};
/* End PBXFrameworksBuildPhase section */

/* Begin PBXGroup section */
		27DCC7AF225063950082B729 = {
			isa = PBXGroup;
			children = (
				27DCC7BA225063950082B729 /* Ticker */,
				27DCC7B9225063950082B729 /* Products */,
			);
			sourceTree = "<group>";
		};
		27DCC7B9225063950082B729 /* Products */ = {
			isa = PBXGroup;
			children = (
				27DCC7B8225063950082B729 /* Grant.app */,
			);
			name = Products;
			sourceTree = "<group>";
		};
		27DCC7BA225063950082B729 /* Ticker */ = {
			isa = PBXGroup;
			children = (
				27DCC7BB225063950082B729 /* AppDelegate.swift */,
				27DCC7CD22506D290082B729 /* StatusItemController.swift */,
				272242F72251BDDE00CEEA6B /* Grant.swift */,
				272242F5225172BC00CEEA6B /* ValueMenuItemView.swift */,
				27DCC7CB225068300082B729 /* Quote.swift */,
				27DCC7C9225063AC0082B729 /* TickerPriceProvider.swift */,
				C2FE075C22529D4E000824FA /* SettingsWindowController.swift */,
				C21BA0542252F4560044CC47 /* GrantController.swift */,
				27DCC7BD225063960082B729 /* Assets.xcassets */,
				27DCC7BF225063960082B729 /* MainMenu.xib */,
				C2FE075A22529D39000824FA /* SettingsWindow.xib */,
				27DCC7C2225063960082B729 /* Info.plist */,
				27DCC7C3225063960082B729 /* Ticker.entitlements */,
			);
			path = Ticker;
			sourceTree = "<group>";
		};
/* End PBXGroup section */

/* Begin PBXNativeTarget section */
		27DCC7B7225063950082B729 /* Grant */ = {
			isa = PBXNativeTarget;
			buildConfigurationList = 27DCC7C6225063960082B729 /* Build configuration list for PBXNativeTarget "Grant" */;
			buildPhases = (
				27DCC7B4225063950082B729 /* Sources */,
				27DCC7B5225063950082B729 /* Frameworks */,
				27DCC7B6225063950082B729 /* Resources */,
			);
			buildRules = (
			);
			dependencies = (
			);
			name = Grant;
			productName = Ticker;
			productReference = 27DCC7B8225063950082B729 /* Grant.app */;
			productType = "com.apple.product-type.application";
		};
/* End PBXNativeTarget section */

/* Begin PBXProject section */
		27DCC7B0225063950082B729 /* Project object */ = {
			isa = PBXProject;
			attributes = {
				LastSwiftUpdateCheck = 1010;
				LastUpgradeCheck = 1010;
				ORGANIZATIONNAME = "Kyle Bashour";
				TargetAttributes = {
					27DCC7B7225063950082B729 = {
						CreatedOnToolsVersion = 10.1;
					};
				};
			};
			buildConfigurationList = 27DCC7B3225063950082B729 /* Build configuration list for PBXProject "Grant" */;
			compatibilityVersion = "Xcode 9.3";
			developmentRegion = en;
			hasScannedForEncodings = 0;
			knownRegions = (
				en,
				Base,
			);
			mainGroup = 27DCC7AF225063950082B729;
			productRefGroup = 27DCC7B9225063950082B729 /* Products */;
			projectDirPath = "";
			projectRoot = "";
			targets = (
				27DCC7B7225063950082B729 /* Grant */,
			);
		};
/* End PBXProject section */

/* Begin PBXResourcesBuildPhase section */
		27DCC7B6225063950082B729 /* Resources */ = {
			isa = PBXResourcesBuildPhase;
			buildActionMask = 2147483647;
			files = (
				27DCC7BE225063960082B729 /* Assets.xcassets in Resources */,
				27DCC7C1225063960082B729 /* MainMenu.xib in Resources */,
				C2FE075B22529D39000824FA /* SettingsWindow.xib in Resources */,
			);
			runOnlyForDeploymentPostprocessing = 0;
		};
/* End PBXResourcesBuildPhase section */

/* Begin PBXSourcesBuildPhase section */
		27DCC7B4225063950082B729 /* Sources */ = {
			isa = PBXSourcesBuildPhase;
			buildActionMask = 2147483647;
			files = (
				C21BA0552252F4560044CC47 /* GrantController.swift in Sources */,
				272242F82251BDDE00CEEA6B /* Grant.swift in Sources */,
				C2FE075D22529D4E000824FA /* SettingsWindowController.swift in Sources */,
				27DCC7CA225063AC0082B729 /* TickerPriceProvider.swift in Sources */,
				27DCC7CC225068300082B729 /* Quote.swift in Sources */,
				27DCC7CE22506D290082B729 /* StatusItemController.swift in Sources */,
				272242F6225172BC00CEEA6B /* ValueMenuItemView.swift in Sources */,
				27DCC7BC225063950082B729 /* AppDelegate.swift in Sources */,
			);
			runOnlyForDeploymentPostprocessing = 0;
		};
/* End PBXSourcesBuildPhase section */

/* Begin PBXVariantGroup section */
		27DCC7BF225063960082B729 /* MainMenu.xib */ = {
			isa = PBXVariantGroup;
			children = (
				27DCC7C0225063960082B729 /* Base */,
			);
			name = MainMenu.xib;
			sourceTree = "<group>";
		};
/* End PBXVariantGroup section */

/* Begin XCBuildConfiguration section */
		27DCC7C4225063960082B729 /* Debug */ = {
			isa = XCBuildConfiguration;
			buildSettings = {
				ALWAYS_SEARCH_USER_PATHS = NO;
				CLANG_ANALYZER_NONNULL = YES;
				CLANG_ANALYZER_NUMBER_OBJECT_CONVERSION = YES_AGGRESSIVE;
				CLANG_CXX_LANGUAGE_STANDARD = "gnu++14";
				CLANG_CXX_LIBRARY = "libc++";
				CLANG_ENABLE_MODULES = YES;
				CLANG_ENABLE_OBJC_ARC = YES;
				CLANG_ENABLE_OBJC_WEAK = YES;
				CLANG_WARN_BLOCK_CAPTURE_AUTORELEASING = YES;
				CLANG_WARN_BOOL_CONVERSION = YES;
				CLANG_WARN_COMMA = YES;
				CLANG_WARN_CONSTANT_CONVERSION = YES;
				CLANG_WARN_DEPRECATED_OBJC_IMPLEMENTATIONS = YES;
				CLANG_WARN_DIRECT_OBJC_ISA_USAGE = YES_ERROR;
				CLANG_WARN_DOCUMENTATION_COMMENTS = YES;
				CLANG_WARN_EMPTY_BODY = YES;
				CLANG_WARN_ENUM_CONVERSION = YES;
				CLANG_WARN_INFINITE_RECURSION = YES;
				CLANG_WARN_INT_CONVERSION = YES;
				CLANG_WARN_NON_LITERAL_NULL_CONVERSION = YES;
				CLANG_WARN_OBJC_IMPLICIT_RETAIN_SELF = YES;
				CLANG_WARN_OBJC_LITERAL_CONVERSION = YES;
				CLANG_WARN_OBJC_ROOT_CLASS = YES_ERROR;
				CLANG_WARN_RANGE_LOOP_ANALYSIS = YES;
				CLANG_WARN_STRICT_PROTOTYPES = YES;
				CLANG_WARN_SUSPICIOUS_MOVE = YES;
				CLANG_WARN_UNGUARDED_AVAILABILITY = YES_AGGRESSIVE;
				CLANG_WARN_UNREACHABLE_CODE = YES;
				CLANG_WARN__DUPLICATE_METHOD_MATCH = YES;
				CODE_SIGN_IDENTITY = "Mac Developer";
				COPY_PHASE_STRIP = NO;
				DEBUG_INFORMATION_FORMAT = dwarf;
				ENABLE_STRICT_OBJC_MSGSEND = YES;
				ENABLE_TESTABILITY = YES;
				GCC_C_LANGUAGE_STANDARD = gnu11;
				GCC_DYNAMIC_NO_PIC = NO;
				GCC_NO_COMMON_BLOCKS = YES;
				GCC_OPTIMIZATION_LEVEL = 0;
				GCC_PREPROCESSOR_DEFINITIONS = (
					"DEBUG=1",
					"$(inherited)",
				);
				GCC_WARN_64_TO_32_BIT_CONVERSION = YES;
				GCC_WARN_ABOUT_RETURN_TYPE = YES_ERROR;
				GCC_WARN_UNDECLARED_SELECTOR = YES;
				GCC_WARN_UNINITIALIZED_AUTOS = YES_AGGRESSIVE;
				GCC_WARN_UNUSED_FUNCTION = YES;
				GCC_WARN_UNUSED_VARIABLE = YES;
				MACOSX_DEPLOYMENT_TARGET = 10.14;
				MTL_ENABLE_DEBUG_INFO = INCLUDE_SOURCE;
				MTL_FAST_MATH = YES;
				ONLY_ACTIVE_ARCH = YES;
				SDKROOT = macosx;
				SWIFT_ACTIVE_COMPILATION_CONDITIONS = DEBUG;
				SWIFT_OPTIMIZATION_LEVEL = "-Onone";
			};
			name = Debug;
		};
		27DCC7C5225063960082B729 /* Release */ = {
			isa = XCBuildConfiguration;
			buildSettings = {
				ALWAYS_SEARCH_USER_PATHS = NO;
				CLANG_ANALYZER_NONNULL = YES;
				CLANG_ANALYZER_NUMBER_OBJECT_CONVERSION = YES_AGGRESSIVE;
				CLANG_CXX_LANGUAGE_STANDARD = "gnu++14";
				CLANG_CXX_LIBRARY = "libc++";
				CLANG_ENABLE_MODULES = YES;
				CLANG_ENABLE_OBJC_ARC = YES;
				CLANG_ENABLE_OBJC_WEAK = YES;
				CLANG_WARN_BLOCK_CAPTURE_AUTORELEASING = YES;
				CLANG_WARN_BOOL_CONVERSION = YES;
				CLANG_WARN_COMMA = YES;
				CLANG_WARN_CONSTANT_CONVERSION = YES;
				CLANG_WARN_DEPRECATED_OBJC_IMPLEMENTATIONS = YES;
				CLANG_WARN_DIRECT_OBJC_ISA_USAGE = YES_ERROR;
				CLANG_WARN_DOCUMENTATION_COMMENTS = YES;
				CLANG_WARN_EMPTY_BODY = YES;
				CLANG_WARN_ENUM_CONVERSION = YES;
				CLANG_WARN_INFINITE_RECURSION = YES;
				CLANG_WARN_INT_CONVERSION = YES;
				CLANG_WARN_NON_LITERAL_NULL_CONVERSION = YES;
				CLANG_WARN_OBJC_IMPLICIT_RETAIN_SELF = YES;
				CLANG_WARN_OBJC_LITERAL_CONVERSION = YES;
				CLANG_WARN_OBJC_ROOT_CLASS = YES_ERROR;
				CLANG_WARN_RANGE_LOOP_ANALYSIS = YES;
				CLANG_WARN_STRICT_PROTOTYPES = YES;
				CLANG_WARN_SUSPICIOUS_MOVE = YES;
				CLANG_WARN_UNGUARDED_AVAILABILITY = YES_AGGRESSIVE;
				CLANG_WARN_UNREACHABLE_CODE = YES;
				CLANG_WARN__DUPLICATE_METHOD_MATCH = YES;
				CODE_SIGN_IDENTITY = "Mac Developer";
				COPY_PHASE_STRIP = NO;
				DEBUG_INFORMATION_FORMAT = "dwarf-with-dsym";
				ENABLE_NS_ASSERTIONS = NO;
				ENABLE_STRICT_OBJC_MSGSEND = YES;
				GCC_C_LANGUAGE_STANDARD = gnu11;
				GCC_NO_COMMON_BLOCKS = YES;
				GCC_WARN_64_TO_32_BIT_CONVERSION = YES;
				GCC_WARN_ABOUT_RETURN_TYPE = YES_ERROR;
				GCC_WARN_UNDECLARED_SELECTOR = YES;
				GCC_WARN_UNINITIALIZED_AUTOS = YES_AGGRESSIVE;
				GCC_WARN_UNUSED_FUNCTION = YES;
				GCC_WARN_UNUSED_VARIABLE = YES;
				MACOSX_DEPLOYMENT_TARGET = 10.14;
				MTL_ENABLE_DEBUG_INFO = NO;
				MTL_FAST_MATH = YES;
				SDKROOT = macosx;
				SWIFT_COMPILATION_MODE = wholemodule;
				SWIFT_OPTIMIZATION_LEVEL = "-O";
			};
			name = Release;
		};
		27DCC7C7225063960082B729 /* Debug */ = {
			isa = XCBuildConfiguration;
			buildSettings = {
				ASSETCATALOG_COMPILER_APPICON_NAME = AppIcon;
				CODE_SIGN_STYLE = Automatic;
				COMBINE_HIDPI_IMAGES = YES;
				DEVELOPMENT_TEAM = 6F86PB49DE;
				INFOPLIST_FILE = Ticker/Info.plist;
				LD_RUNPATH_SEARCH_PATHS = (
					"$(inherited)",
					"@executable_path/../Frameworks",
				);
				PRODUCT_BUNDLE_IDENTIFIER = com.kylebashour.Ticker;
				PRODUCT_NAME = "$(TARGET_NAME)";
				SWIFT_VERSION = 4.2;
			};
			name = Debug;
		};
		27DCC7C8225063960082B729 /* Release */ = {
			isa = XCBuildConfiguration;
			buildSettings = {
				ASSETCATALOG_COMPILER_APPICON_NAME = AppIcon;
				CODE_SIGN_STYLE = Automatic;
				COMBINE_HIDPI_IMAGES = YES;
				DEVELOPMENT_TEAM = 6F86PB49DE;
				INFOPLIST_FILE = Ticker/Info.plist;
				LD_RUNPATH_SEARCH_PATHS = (
					"$(inherited)",
					"@executable_path/../Frameworks",
				);
				PRODUCT_BUNDLE_IDENTIFIER = com.kylebashour.Ticker;
				PRODUCT_NAME = "$(TARGET_NAME)";
				SWIFT_VERSION = 4.2;
			};
			name = Release;
		};
/* End XCBuildConfiguration section */

/* Begin XCConfigurationList section */
		27DCC7B3225063950082B729 /* Build configuration list for PBXProject "Grant" */ = {
			isa = XCConfigurationList;
			buildConfigurations = (
				27DCC7C4225063960082B729 /* Debug */,
				27DCC7C5225063960082B729 /* Release */,
			);
			defaultConfigurationIsVisible = 0;
			defaultConfigurationName = Release;
		};
		27DCC7C6225063960082B729 /* Build configuration list for PBXNativeTarget "Grant" */ = {
			isa = XCConfigurationList;
			buildConfigurations = (
				27DCC7C7225063960082B729 /* Debug */,
				27DCC7C8225063960082B729 /* Release */,
			);
			defaultConfigurationIsVisible = 0;
			defaultConfigurationName = Release;
		};
/* End XCConfigurationList section */
	};
	rootObject = 27DCC7B0225063950082B729 /* Project object */;
}
